{
  "specifiers": {
    "jsr:@justinmchase/uffda@^0.9.1": "0.9.1",
    "jsr:@justinmchase/uffda@^0.9.2": "0.9.2"
  },
  "jsr": {
    "@justinmchase/uffda@0.9.1": {
      "integrity": "c097e410ca9a416f77c6cc0a51348fad0e6e082a5758a9d98b4cce1348a66139"
    },
    "@justinmchase/uffda@0.9.2": {
      "integrity": "6e4b5ec2da7f323f329b279a8813a7854904a16aa0f423fd1e64fdfa86087718"
    }
  }
}
