{
  "version": "5",
  "specifiers": {
    "jsr:@justinmchase/specs@*": "1.0.0",
    "jsr:@std/front-matter@1": "1.0.9",
    "jsr:@std/fs@1": "1.0.24",
    "jsr:@std/internal@^1.0.14": "1.0.14",
    "jsr:@std/json@^1.0.2": "1.1.0",
    "jsr:@std/jsonc@^1.0.2": "1.0.2",
    "jsr:@std/path@1": "1.1.6",
    "jsr:@std/path@^1.1.5": "1.1.6",
    "jsr:@std/yaml@^1.0.5": "1.1.1"
  },
  "jsr": {
    "@justinmchase/specs@1.0.0": {
      "integrity": "bd032021ae23c95c00c40f9790314cf6c323059e563f5e66b7dab328e982ae8d",
      "dependencies": [
        "jsr:@std/front-matter",
        "jsr:@std/fs",
        "jsr:@std/path@1"
      ]
    },
    "@std/front-matter@1.0.9": {
      "integrity": "ee6201d06674cbef137dda2252f62477450b48249e7d8d9ab57a30f85ff6f051",
      "dependencies": [
        "jsr:@std/yaml"
      ]
    },
    "@std/fs@1.0.24": {
      "integrity": "f3061b45b81673a2bece689da041df32d174be064c89eb6397fb5718d3fb7877",
      "dependencies": [
        "jsr:@std/path@^1.1.5"
      ]
    },
    "@std/internal@1.0.14": {
      "integrity": "291516b3d4c35024d6ffbc0a9df5bf4c64116e05b50012cf846710152d2ffdf7"
    },
    "@std/json@1.1.0": {
      "integrity": "93330d3ed4054d6b1ffe54b075432c80a5f671be77277b978931e018014cb1cc"
    },
    "@std/jsonc@1.0.2": {
      "integrity": "909605dae3af22bd75b1cbda8d64a32cf1fd2cf6efa3f9e224aba6d22c0f44c7",
      "dependencies": [
        "jsr:@std/json"
      ]
    },
    "@std/path@1.1.6": {
      "integrity": "c68485c2a4dfbb5ae3cc74fae4e8c4e5d874cf8a8ed12927917235c758b46cbe",
      "dependencies": [
        "jsr:@std/internal"
      ]
    },
    "@std/yaml@1.1.1": {
      "integrity": "a57665ecf3d17b926380593a56625d8a10cc7281802f1e993b5ebc94a48e71f8"
    }
  },
  "workspace": {
    "dependencies": [
      "jsr:@justinmchase/uffda@~0.9.1",
      "jsr:@std/assert@^1.0.10",
      "jsr:@std/jsonc@^1.0.2",
      "jsr:@std/path@^1.0.8"
    ]
  }
}
